
Microsoft Visual Studio Solution File, Format Version 12.00
# Visual Studio 15
VisualStudioVersion = 15.0.28307.489
MinimumVisualStudioVersion = 10.0.40219.1
Project("{FAE04EC0-301F-11D3-BF4B-00C04F79EFBC}") = "Video_rental_Project_Jagrp", "Video_rental_Project_Jagrp\Video_rental_Project_Jagrp.csproj", "{EC827DBB-2ACB-42A5-BA3B-153EDDC9AA73}"
EndProject
Project("{FAE04EC0-301F-11D3-BF4B-00C04F79EFBC}") = "Video_rental_Project_JagrpTests", "Video_rental_Project_JagrpTests\Video_rental_Project_JagrpTests.csproj", "{983FDC69-6502-486D-9498-A71EAC792EE1}"
EndProject
Global
	GlobalSection(SolutionConfigurationPlatforms) = preSolution
		Debug|Any CPU = Debug|Any CPU
		Release|Any CPU = Release|Any CPU
	EndGlobalSection
	GlobalSection(ProjectConfigurationPlatforms) = postSolution
		{EC827DBB-2ACB-42A5-BA3B-153EDDC9AA73}.Debug|Any CPU.ActiveCfg = Debug|Any CPU
		{EC827DBB-2ACB-42A5-BA3B-153EDDC9AA73}.Debug|Any CPU.Build.0 = Debug|Any CPU
		{EC827DBB-2ACB-42A5-BA3B-153EDDC9AA73}.Release|Any CPU.ActiveCfg = Release|Any CPU
		{EC827DBB-2ACB-42A5-BA3B-153EDDC9AA73}.Release|Any CPU.Build.0 = Release|Any CPU
		{983FDC69-6502-486D-9498-A71EAC792EE1}.Debug|Any CPU.ActiveCfg = Debug|Any CPU
		{983FDC69-6502-486D-9498-A71EAC792EE1}.Debug|Any CPU.Build.0 = Debug|Any CPU
		{983FDC69-6502-486D-9498-A71EAC792EE1}.Release|Any CPU.ActiveCfg = Release|Any CPU
		{983FDC69-6502-486D-9498-A71EAC792EE1}.Release|Any CPU.Build.0 = Release|Any CPU
	EndGlobalSection
	GlobalSection(SolutionProperties) = preSolution
		HideSolutionNode = FALSE
	EndGlobalSection
	GlobalSection(ExtensibilityGlobals) = postSolution
		SolutionGuid = {0B0DD523-3988-400E-9B97-0E9C98747FBF}
	EndGlobalSection
EndGlobal
